version = 1
revision = 2
requires-python = ">=3.11"
resolution-markers = [
    "python_full_version >= '3.12'",
    "python_full_version < '3.12'",
]

[[package]]
name = "asgiref"
version = "3.11.1"
source = { registry = "https://pypi.org/simple" }
sdist = { url = "https://files.pythonhosted.org/packages/63/40/f03da1264ae8f7cfdbf9146542e5e7e8100a4c66ab48e791df9a03d3f6c0/asgiref-3.11.1.tar.gz", hash = "sha256:5f184dc43b7e763efe848065441eac62229c9f7b0475f41f80e207a114eda4ce", size = 38550, upload-time = "2026-02-03T13:30:14.33Z" }
wheels = [
    { url = "https://files.pythonhosted.org/packages/5c/0a/a72d10ed65068e115044937873362e6e32fab1b7dce0046aeb224682c989/asgiref-3.11.1-py3-none-any.whl", hash = "sha256:e8667a091e69529631969fd45dc268fa79b99c92c5fcdda727757e52146ec133", size = 24345, upload-time = "2026-02-03T13:30:13.039Z" },
]

[[package]]
name = "django"
version = "5.2.13"
source = { registry = "https://pypi.org/simple" }
resolution-markers = [
    "python_full_version < '3.12'",
]
dependencies = [
    { name = "asgiref", marker = "python_full_version < '3.12'" },
    { name = "sqlparse", marker = "python_full_version < '3.12'" },
    { name = "tzdata", marker = "python_full_version < '3.12' and sys_platform == 'win32'" },
]
sdist = { url = "https://files.pythonhosted.org/packages/1f/c5/c69e338eb2959f641045802e5ea87ca4bf5ac90c5fd08953ca10742fad51/django-5.2.13.tar.gz", hash = "sha256:a31589db5188d074c63f0945c3888fad104627dfcc236fb2b97f71f89da33bc4", size = 10890368, upload-time = "2026-04-07T14:02:15.072Z" }
wheels = [
    { url = "https://files.pythonhosted.org/packages/59/b1/51ab36b2eefcf8cdb9338c7188668a157e29e30306bfc98a379704c9e10d/django-5.2.13-py3-none-any.whl", hash = "sha256:5788fce61da23788a8ce6f02583765ab060d396720924789f97fa42119d37f7a", size = 8310982, upload-time = "2026-04-07T14:02:08.883Z" },
]

[[package]]
name = "django"
version = "6.0.4"
source = { registry = "https://pypi.org/simple" }
resolution-markers = [
    "python_full_version >= '3.12'",
]
dependencies = [
    { name = "asgiref", marker = "python_full_version >= '3.12'" },
    { name = "sqlparse", marker = "python_full_version >= '3.12'" },
    { name = "tzdata", marker = "python_full_version >= '3.12' and sys_platform == 'win32'" },
]
sdist = { url = "https://files.pythonhosted.org/packages/60/b9/4155091ad1788b38563bd77a7258c0834e8c12a7f56f6975deaf54f8b61d/django-6.0.4.tar.gz", hash = "sha256:8cfa2572b3f2768b2e84983cf3c4811877a01edb64e817986ec5d60751c113ac", size = 10907407, upload-time = "2026-04-07T13:55:44.961Z" }
wheels = [
    { url = "https://files.pythonhosted.org/packages/e9/47/3d61d611609764aa71a37f7037b870e7bfb22937366974c4fd46cada7bab/django-6.0.4-py3-none-any.whl", hash = "sha256:14359c809fc16e8f81fd2b59d7d348e4d2d799da6840b10522b6edf7b8afc1da", size = 8368342, upload-time = "2026-04-07T13:55:37.999Z" },
]

[[package]]
name = "django-debug-toolbar"
version = "6.3.0"
source = { registry = "https://pypi.org/simple" }
dependencies = [
    { name = "django", version = "5.2.13", source = { registry = "https://pypi.org/simple" }, marker = "python_full_version < '3.12'" },
    { name = "django", version = "6.0.4", source = { registry = "https://pypi.org/simple" }, marker = "python_full_version >= '3.12'" },
    { name = "sqlparse" },
]
sdist = { url = "https://files.pythonhosted.org/packages/d8/ea/b62673424dd72d2dbf5adf4145281a421d5792f47380d9bc8e3b11e1a769/django_debug_toolbar-6.3.0.tar.gz", hash = "sha256:f830a86fe02e17f625a22cfbed24a5bd1500762e201ec959c50efb0f9327282b", size = 334079, upload-time = "2026-04-02T16:07:01.385Z" }
wheels = [
    { url = "https://files.pythonhosted.org/packages/7d/9e/d8c3c845f4b5ccac7377c19f4049e7e00c6f121846a81f69a497b45734df/django_debug_toolbar-6.3.0-py3-none-any.whl", hash = "sha256:a199ce3d0f884739a9096835ad417479fede05f3b3c4824bc8b354721ba8f629", size = 298304, upload-time = "2026-04-02T16:06:59.617Z" },
]

[[package]]
name = "dotenv"
version = "0.9.9"
source = { registry = "https://pypi.org/simple" }
dependencies = [
    { name = "python-dotenv" },
]
wheels = [
    { url = "https://files.pythonhosted.org/packages/b2/b7/545d2c10c1fc15e48653c91efde329a790f2eecfbbf2bd16003b5db2bab0/dotenv-0.9.9-py2.py3-none-any.whl", hash = "sha256:29cf74a087b31dafdb5a446b6d7e11cbce8ed2741540e2339c69fbef92c94ce9", size = 1892, upload-time = "2025-02-19T22:15:01.647Z" },
]

[[package]]
name = "myshop"
version = "0.1.0"
source = { virtual = "." }
dependencies = [
    { name = "django", version = "5.2.13", source = { registry = "https://pypi.org/simple" }, marker = "python_full_version < '3.12'" },
    { name = "django", version = "6.0.4", source = { registry = "https://pypi.org/simple" }, marker = "python_full_version >= '3.12'" },
    { name = "django-debug-toolbar" },
    { name = "dotenv" },
    { name = "psycopg2" },
]

[package.metadata]
requires-dist = [
    { name = "django", specifier = ">=5.2.13" },
    { name = "django-debug-toolbar", specifier = ">=6.3.0" },
    { name = "dotenv", specifier = ">=0.9.9" },
    { name = "psycopg2", specifier = ">=2.9.11" },
]

[[package]]
name = "psycopg2"
version = "2.9.11"
source = { registry = "https://pypi.org/simple" }
sdist = { url = "https://files.pythonhosted.org/packages/89/8d/9d12bc8677c24dad342ec777529bce705b3e785fa05d85122b5502b9ab55/psycopg2-2.9.11.tar.gz", hash = "sha256:964d31caf728e217c697ff77ea69c2ba0865fa41ec20bb00f0977e62fdcc52e3", size = 379598, upload-time = "2025-10-10T11:14:46.075Z" }
wheels = [
    { url = "https://files.pythonhosted.org/packages/86/fe/d6dce306fd7b61e312757ba4d068617f562824b9c6d3e4a39fc578ea2814/psycopg2-2.9.11-cp311-cp311-win_amd64.whl", hash = "sha256:210daed32e18f35e3140a1ebe059ac29209dd96468f2f7559aa59f75ee82a5cb", size = 2713723, upload-time = "2025-10-10T11:10:12.957Z" },
    { url = "https://files.pythonhosted.org/packages/b5/bf/635fbe5dd10ed200afbbfbe98f8602829252ca1cce81cc48fb25ed8dadc0/psycopg2-2.9.11-cp312-cp312-win_amd64.whl", hash = "sha256:e03e4a6dbe87ff81540b434f2e5dc2bddad10296db5eea7bdc995bf5f4162938", size = 2713969, upload-time = "2025-10-10T11:10:15.946Z" },
    { url = "https://files.pythonhosted.org/packages/88/5a/18c8cb13fc6908dc41a483d2c14d927a7a3f29883748747e8cb625da6587/psycopg2-2.9.11-cp313-cp313-win_amd64.whl", hash = "sha256:8dc379166b5b7d5ea66dcebf433011dfc51a7bb8a5fc12367fa05668e5fc53c8", size = 2714048, upload-time = "2025-10-10T11:10:19.816Z" },
    { url = "https://files.pythonhosted.org/packages/47/08/737aa39c78d705a7ce58248d00eeba0e9fc36be488f9b672b88736fbb1f7/psycopg2-2.9.11-cp314-cp314-win_amd64.whl", hash = "sha256:f10a48acba5fe6e312b891f290b4d2ca595fc9a06850fe53320beac353575578", size = 2803738, upload-time = "2025-10-10T11:10:23.196Z" },
]

[[package]]
name = "python-dotenv"
version = "1.2.2"
source = { registry = "https://pypi.org/simple" }
sdist = { url = "https://files.pythonhosted.org/packages/82/ed/0301aeeac3e5353ef3d94b6ec08bbcabd04a72018415dcb29e588514bba8/python_dotenv-1.2.2.tar.gz", hash = "sha256:2c371a91fbd7ba082c2c1dc1f8bf89ca22564a087c2c287cd9b662adde799cf3", size = 50135, upload-time = "2026-03-01T16:00:26.196Z" }
wheels = [
    { url = "https://files.pythonhosted.org/packages/0b/d7/1959b9648791274998a9c3526f6d0ec8fd2233e4d4acce81bbae76b44b2a/python_dotenv-1.2.2-py3-none-any.whl", hash = "sha256:1d8214789a24de455a8b8bd8ae6fe3c6b69a5e3d64aa8a8e5d68e694bbcb285a", size = 22101, upload-time = "2026-03-01T16:00:25.09Z" },
]

[[package]]
name = "sqlparse"
version = "0.5.5"
source = { registry = "https://pypi.org/simple" }
sdist = { url = "https://files.pythonhosted.org/packages/90/76/437d71068094df0726366574cf3432a4ed754217b436eb7429415cf2d480/sqlparse-0.5.5.tar.gz", hash = "sha256:e20d4a9b0b8585fdf63b10d30066c7c94c5d7a7ec47c889a2d83a3caa93ff28e", size = 120815, upload-time = "2025-12-19T07:17:45.073Z" }
wheels = [
    { url = "https://files.pythonhosted.org/packages/49/4b/359f28a903c13438ef59ebeee215fb25da53066db67b305c125f1c6d2a25/sqlparse-0.5.5-py3-none-any.whl", hash = "sha256:12a08b3bf3eec877c519589833aed092e2444e68240a3577e8e26148acc7b1ba", size = 46138, upload-time = "2025-12-19T07:17:46.573Z" },
]

[[package]]
name = "tzdata"
version = "2026.1"
source = { registry = "https://pypi.org/simple" }
sdist = { url = "https://files.pythonhosted.org/packages/19/f5/cd531b2d15a671a40c0f66cf06bc3570a12cd56eef98960068ebbad1bf5a/tzdata-2026.1.tar.gz", hash = "sha256:67658a1903c75917309e753fdc349ac0efd8c27db7a0cb406a25be4840f87f98", size = 197639, upload-time = "2026-04-03T11:25:22.002Z" }
wheels = [
    { url = "https://files.pythonhosted.org/packages/b0/70/d460bd685a170790ec89317e9bd33047988e4bce507b831f5db771e142de/tzdata-2026.1-py2.py3-none-any.whl", hash = "sha256:4b1d2be7ac37ceafd7327b961aa3a54e467efbdb563a23655fbfe0d39cfc42a9", size = 348952, upload-time = "2026-04-03T11:25:20.313Z" },
]
